
Microsoft Visual Studio Solution File, Format Version 12.00
# Visual Studio Version 17
VisualStudioVersion = 17.3.32929.385
MinimumVisualStudioVersion = 10.0.40219.1
Project("{FAE04EC0-301F-11D3-BF4B-00C04F79EFBC}") = "WebApplication2", "WebApplication2.csproj", "{EE192063-066F-427C-BB17-D2D29069CB55}"
EndProject
Global
	GlobalSection(SolutionConfigurationPlatforms) = preSolution
		Debug|Any CPU = Debug|Any CPU
		Release|Any CPU = Release|Any CPU
	EndGlobalSection
	GlobalSection(ProjectConfigurationPlatforms) = postSolution
		{EE192063-066F-427C-BB17-D2D29069CB55}.Debug|Any CPU.ActiveCfg = Debug|Any CPU
		{EE192063-066F-427C-BB17-D2D29069CB55}.Debug|Any CPU.Build.0 = Debug|Any CPU
		{EE192063-066F-427C-BB17-D2D29069CB55}.Release|Any CPU.ActiveCfg = Release|Any CPU
		{EE192063-066F-427C-BB17-D2D29069CB55}.Release|Any CPU.Build.0 = Release|Any CPU
	EndGlobalSection
	GlobalSection(SolutionProperties) = preSolution
		HideSolutionNode = FALSE
	EndGlobalSection
	GlobalSection(ExtensibilityGlobals) = postSolution
		SolutionGuid = {285E8EC6-E6A3-4A7B-921C-C72531B43F33}
	EndGlobalSection
EndGlobal
